
Microsoft Visual Studio Solution File, Format Version 12.00
# Visual Studio 15
VisualStudioVersion = 15.0.27004.2002
MinimumVisualStudioVersion = 10.0.40219.1
Project("{FAE04EC0-301F-11D3-BF4B-00C04F79EFBC}") = "TaskSchedulerVersion2", "TaskSchedulerVersion2\TaskSchedulerVersion2.csproj", "{FED123C1-57BB-4678-94F2-E3FC980CEF41}"
EndProject
Global
	GlobalSection(SolutionConfigurationPlatforms) = preSolution
		Debug|Any CPU = Debug|Any CPU
		Release|Any CPU = Release|Any CPU
	EndGlobalSection
	GlobalSection(ProjectConfigurationPlatforms) = postSolution
		{FED123C1-57BB-4678-94F2-E3FC980CEF41}.Debug|Any CPU.ActiveCfg = Debug|Any CPU
		{FED123C1-57BB-4678-94F2-E3FC980CEF41}.Debug|Any CPU.Build.0 = Debug|Any CPU
		{FED123C1-57BB-4678-94F2-E3FC980CEF41}.Release|Any CPU.ActiveCfg = Release|Any CPU
		{FED123C1-57BB-4678-94F2-E3FC980CEF41}.Release|Any CPU.Build.0 = Release|Any CPU
	EndGlobalSection
	GlobalSection(SolutionProperties) = preSolution
		HideSolutionNode = FALSE
	EndGlobalSection
	GlobalSection(ExtensibilityGlobals) = postSolution
		SolutionGuid = {DF0AA40E-93ED-4E12-AA61-5627B5B86B1F}
	EndGlobalSection
EndGlobal
